# THIS IS AN AUTOGENERATED FILE. DO NOT EDIT THIS FILE DIRECTLY.
# yarn lockfile v1


core-util-is@^1.0.2:
  version "1.0.2"
  resolved "http://registry.npm.taobao.org/core-util-is/download/core-util-is-1.0.2.tgz#b5fd54220aa2bc5ab57aab7140c940754503c1a7"

iconv-lite@^0.4.23:
  version "0.4.23"
  resolved "http://registry.npm.taobao.org/iconv-lite/download/iconv-lite-0.4.23.tgz#297871f63be507adcfbfca715d0cd0eed84e9a63"
  dependencies:
    safer-buffer ">= 2.1.2 < 3"

ms@^1.0.0:
  version "1.0.0"
  resolved "http://registry.npm.taobao.org/ms/download/ms-1.0.0.tgz#59adcd22edc543f7b5381862d31387b1f4bc9473"

"safer-buffer@>= 2.1.2 < 3":
  version "2.1.2"
  resolved "http://registry.npm.taobao.org/safer-buffer/download/safer-buffer-2.1.2.tgz#44fa161b0187b9549dd84bb91802f9bd8385cd6a"

think-helper@^1.1.1:
  version "1.1.1"
  resolved "http://registry.npm.taobao.org/think-helper/download/think-helper-1.1.1.tgz#980dfce24c11a39c597fcd833a29ff3d6f4552a2"
  dependencies:
    core-util-is "^1.0.2"
    ms "^1.0.0"
    uuid "^3.0.1"

uuid@^3.0.1:
  version "3.2.1"
  resolved "http://registry.npm.taobao.org/uuid/download/uuid-3.2.1.tgz#12c528bb9d58d0b9265d9a2f6f0fe8be17ff1f14"
